// !$*UTF8*$!
{
	archiveVersion = 1;
	classes = {
	};
	objectVersion = 46;
	objects = {

/* Begin PBXBuildFile section */
		12C9C694164A383E00F1F2D8 /* Foundation.framework in Frameworks */ = {isa = PBXBuildFile; fileRef = 12C9C693164A383E00F1F2D8 /* Foundation.framework */; };
		12C9C697164A383E00F1F2D8 /* main.cpp in Sources */ = {isa = PBXBuildFile; fileRef = 12C9C696164A383E00F1F2D8 /* main.cpp */; };
		12C9C699164A383E00F1F2D8 /* ResourcePath.mm in Sources */ = {isa = PBXBuildFile; fileRef = 12C9C698164A383E00F1F2D8 /* ResourcePath.mm */; };
		12C9C6A4164A383E00F1F2D8 /* InfoPlist.strings in Resources */ = {isa = PBXBuildFile; fileRef = 12C9C6A2164A383E00F1F2D8 /* InfoPlist.strings */; };
		12C9C6AC164A386500F1F2D8 /* Engine.cpp in Sources */ = {isa = PBXBuildFile; fileRef = 12C9C6AA164A386500F1F2D8 /* Engine.cpp */; };
/* End PBXBuildFile section */

/* Begin PBXFileReference section */
		12C9C68F164A383E00F1F2D8 /* HeroMustSavePrincess.app */ = {isa = PBXFileReference; explicitFileType = wrapper.application; includeInIndex = 0; path = HeroMustSavePrincess.app; sourceTree = BUILT_PRODUCTS_DIR; };
		12C9C693164A383E00F1F2D8 /* Foundation.framework */ = {isa = PBXFileReference; lastKnownFileType = wrapper.framework; name = Foundation.framework; path = System/Library/Frameworks/Foundation.framework; sourceTree = SDKROOT; };
		12C9C696164A383E00F1F2D8 /* main.cpp */ = {isa = PBXFileReference; lastKnownFileType = sourcecode.cpp.cpp; path = main.cpp; sourceTree = "<group>"; };
		12C9C698164A383E00F1F2D8 /* ResourcePath.mm */ = {isa = PBXFileReference; lastKnownFileType = sourcecode.cpp.objcpp; path = ResourcePath.mm; sourceTree = "<group>"; };
		12C9C69A164A383E00F1F2D8 /* ResourcePath.hpp */ = {isa = PBXFileReference; lastKnownFileType = sourcecode.cpp.h; path = ResourcePath.hpp; sourceTree = "<group>"; };
		12C9C6A1164A383E00F1F2D8 /* HeroMustSavePrincess-Info.plist */ = {isa = PBXFileReference; lastKnownFileType = text.plist.xml; path = "HeroMustSavePrincess-Info.plist"; sourceTree = "<group>"; };
		12C9C6A3164A383E00F1F2D8 /* en */ = {isa = PBXFileReference; lastKnownFileType = text.plist.strings; name = en; path = en.lproj/InfoPlist.strings; sourceTree = "<group>"; };
		12C9C6AA164A386500F1F2D8 /* Engine.cpp */ = {isa = PBXFileReference; fileEncoding = 4; lastKnownFileType = sourcecode.cpp.cpp; path = Engine.cpp; sourceTree = "<group>"; };
		12C9C6AB164A386500F1F2D8 /* Engine.h */ = {isa = PBXFileReference; fileEncoding = 4; lastKnownFileType = sourcecode.c.h; path = Engine.h; sourceTree = "<group>"; };
/* End PBXFileReference section */

/* Begin PBXFrameworksBuildPhase section */
		12C9C68C164A383E00F1F2D8 /* Frameworks */ = {
			isa = PBXFrameworksBuildPhase;
			buildActionMask = 2147483647;
			files = (
				12C9C694164A383E00F1F2D8 /* Foundation.framework in Frameworks */,
			);
			runOnlyForDeploymentPostprocessing = 0;
		};
/* End PBXFrameworksBuildPhase section */

/* Begin PBXGroup section */
		12C9C683164A383E00F1F2D8 = {
			isa = PBXGroup;
			children = (
				12C9C695164A383E00F1F2D8 /* HeroMustSavePrincess */,
				12C9C692164A383E00F1F2D8 /* Frameworks */,
				12C9C690164A383E00F1F2D8 /* Products */,
			);
			sourceTree = "<group>";
		};
		12C9C690164A383E00F1F2D8 /* Products */ = {
			isa = PBXGroup;
			children = (
				12C9C68F164A383E00F1F2D8 /* HeroMustSavePrincess.app */,
			);
			name = Products;
			sourceTree = "<group>";
		};
		12C9C692164A383E00F1F2D8 /* Frameworks */ = {
			isa = PBXGroup;
			children = (
				12C9C693164A383E00F1F2D8 /* Foundation.framework */,
			);
			name = Frameworks;
			sourceTree = "<group>";
		};
		12C9C695164A383E00F1F2D8 /* HeroMustSavePrincess */ = {
			isa = PBXGroup;
			children = (
				12C9C696164A383E00F1F2D8 /* main.cpp */,
				12C9C6AA164A386500F1F2D8 /* Engine.cpp */,
				12C9C6AB164A386500F1F2D8 /* Engine.h */,
				12C9C698164A383E00F1F2D8 /* ResourcePath.mm */,
				12C9C69A164A383E00F1F2D8 /* ResourcePath.hpp */,
				12C9C69B164A383E00F1F2D8 /* Resources */,
				12C9C6A0164A383E00F1F2D8 /* Supporting Files */,
			);
			path = HeroMustSavePrincess;
			sourceTree = "<group>";
		};
		12C9C69B164A383E00F1F2D8 /* Resources */ = {
			isa = PBXGroup;
			children = (
			);
			name = Resources;
			sourceTree = "<group>";
		};
		12C9C6A0164A383E00F1F2D8 /* Supporting Files */ = {
			isa = PBXGroup;
			children = (
				12C9C6A1164A383E00F1F2D8 /* HeroMustSavePrincess-Info.plist */,
				12C9C6A2164A383E00F1F2D8 /* InfoPlist.strings */,
			);
			name = "Supporting Files";
			sourceTree = "<group>";
		};
/* End PBXGroup section */

/* Begin PBXNativeTarget section */
		12C9C68E164A383E00F1F2D8 /* HeroMustSavePrincess */ = {
			isa = PBXNativeTarget;
			buildConfigurationList = 12C9C6A7164A383E00F1F2D8 /* Build configuration list for PBXNativeTarget "HeroMustSavePrincess" */;
			buildPhases = (
				12C9C68A164A383E00F1F2D8 /* ShellScript */,
				12C9C68B164A383E00F1F2D8 /* Sources */,
				12C9C68C164A383E00F1F2D8 /* Frameworks */,
				12C9C68D164A383E00F1F2D8 /* Resources */,
			);
			buildRules = (
			);
			dependencies = (
			);
			name = HeroMustSavePrincess;
			productName = HeroMustSavePrincess;
			productReference = 12C9C68F164A383E00F1F2D8 /* HeroMustSavePrincess.app */;
			productType = "com.apple.product-type.application";
		};
/* End PBXNativeTarget section */

/* Begin PBXProject section */
		12C9C685164A383E00F1F2D8 /* Project object */ = {
			isa = PBXProject;
			attributes = {
				LastUpgradeCheck = 0450;
				ORGANIZATIONNAME = "Daniel Breves";
			};
			buildConfigurationList = 12C9C688164A383E00F1F2D8 /* Build configuration list for PBXProject "HeroMustSavePrincess" */;
			compatibilityVersion = "Xcode 3.2";
			developmentRegion = English;
			hasScannedForEncodings = 0;
			knownRegions = (
				en,
			);
			mainGroup = 12C9C683164A383E00F1F2D8;
			productRefGroup = 12C9C690164A383E00F1F2D8 /* Products */;
			projectDirPath = "";
			projectRoot = "";
			targets = (
				12C9C68E164A383E00F1F2D8 /* HeroMustSavePrincess */,
			);
		};
/* End PBXProject section */

/* Begin PBXResourcesBuildPhase section */
		12C9C68D164A383E00F1F2D8 /* Resources */ = {
			isa = PBXResourcesBuildPhase;
			buildActionMask = 2147483647;
			files = (
				12C9C6A4164A383E00F1F2D8 /* InfoPlist.strings in Resources */,
			);
			runOnlyForDeploymentPostprocessing = 0;
		};
/* End PBXResourcesBuildPhase section */

/* Begin PBXShellScriptBuildPhase section */
		12C9C68A164A383E00F1F2D8 /* ShellScript */ = {
			isa = PBXShellScriptBuildPhase;
			buildActionMask = 2147483647;
			files = (
			);
			inputPaths = (
			);
			outputPaths = (
			);
			runOnlyForDeploymentPostprocessing = 0;
			shellPath = /bin/sh;
			shellScript = "# This shell script simply copies required sfml dylibs/frameworks into the application bundle frameworks folder.\n# If you're using static libraries (which is not recommended) you should remove this script from your project.\n\n# Are we building a project that uses framework or dylibs ?\ncase \"$SFML_BINARY_TYPE\" in\n    DYLIBS)\n        frameworks=\"false\"\n    ;;\n    *)\n        frameworks=\"true\"\n    ;;\nesac\n\nrequire () # $1 is a SFML module like 'system' or 'audio'\n{\n    dest=\"$BUILT_PRODUCTS_DIR/$PRODUCT_NAME.app/Contents/Frameworks\"\n    \n    if [ -z \"$1\" ]\n    then\n        echo \"no parameter! ERROR!\"\n        exit\n    else\n        # clean potentially old stuff\n        rm -f \"$dest/libsfml-$1.2.dylib\"\n        rm -f \"$dest/libsfml-$1-d.2.dylib\"\n        rm -fr \"$dest/sfml-$1.framework\"\n    \n        # copy SFML libraries\n        if [ \"$frameworks\" = \"true\" ]\n        then\n            ditto \"/Library/Frameworks/sfml-$1.framework\" \"$dest/sfml-$1.framework\"\n        elif [ $CONFIGURATION = \"Debug\" ] && [ $SFML_LINK_DYLIBS_SUFFIX_DEBUG != \"\" ]\n        then\n            ditto \"/usr/local/lib/libsfml-$1-d.2.dylib\" \"$dest/libsfml-$1-d.2.dylib\"\n        else\n            ditto \"/usr/local/lib/libsfml-$1.2.dylib\" \"$dest/libsfml-$1.2.dylib\"\n        fi\n        \n        if [ \"$1\" = \"audio\" ]\n        then\n            # copy sndfile framework too\n            ditto \"/Library/Frameworks/sndfile.framework\" \"$dest/sndfile.framework\"\n        fi\n    fi\n}\n\nif [ -n \"$SFML_SYSTEM\" ]\nthen\n    require \"system\"\nfi\n\nif [ -n \"$SFML_AUDIO\" ]\nthen\n    require \"audio\"\nfi\n\nif [ -n \"$SFML_NETWORK\" ]\nthen\n    require \"network\"\nfi\n\nif [ -n \"$SFML_WINDOW\" ]\nthen\n    require \"window\"\nfi\n\nif [ -n \"$SFML_GRAPHICS\" ]\nthen\n    require \"graphics\"\nfi\n                    \n                    ";
		};
/* End PBXShellScriptBuildPhase section */

/* Begin PBXSourcesBuildPhase section */
		12C9C68B164A383E00F1F2D8 /* Sources */ = {
			isa = PBXSourcesBuildPhase;
			buildActionMask = 2147483647;
			files = (
				12C9C697164A383E00F1F2D8 /* main.cpp in Sources */,
				12C9C699164A383E00F1F2D8 /* ResourcePath.mm in Sources */,
				12C9C6AC164A386500F1F2D8 /* Engine.cpp in Sources */,
			);
			runOnlyForDeploymentPostprocessing = 0;
		};
/* End PBXSourcesBuildPhase section */

/* Begin PBXVariantGroup section */
		12C9C6A2164A383E00F1F2D8 /* InfoPlist.strings */ = {
			isa = PBXVariantGroup;
			children = (
				12C9C6A3164A383E00F1F2D8 /* en */,
			);
			name = InfoPlist.strings;
			sourceTree = "<group>";
		};
/* End PBXVariantGroup section */

/* Begin XCBuildConfiguration section */
		12C9C6A5164A383E00F1F2D8 /* Debug */ = {
			isa = XCBuildConfiguration;
			buildSettings = {
				ALWAYS_SEARCH_USER_PATHS = NO;
				ARCHS = "$(ARCHS_STANDARD_64_BIT)";
				CLANG_CXX_LANGUAGE_STANDARD = "gnu++0x";
				CLANG_CXX_LIBRARY = "libstdc++";
				CLANG_ENABLE_OBJC_ARC = "";
				CLANG_WARN_EMPTY_BODY = YES;
				CLANG_WARN__DUPLICATE_METHOD_MATCH = YES;
				COPY_PHASE_STRIP = NO;
				FRAMEWORK_SEARCH_PATHS = (
					"$(FRAMEWORK_SEARCH_PATHS)",
					"/Library/Frameworks/**",
				);
				GCC_C_LANGUAGE_STANDARD = gnu99;
				GCC_DYNAMIC_NO_PIC = NO;
				GCC_ENABLE_OBJC_EXCEPTIONS = YES;
				GCC_ENABLE_OBJC_GC = unsupported;
				GCC_OPTIMIZATION_LEVEL = 0;
				GCC_PREPROCESSOR_DEFINITIONS = (
					"DEBUG=1",
					"$(inherited)",
				);
				GCC_SYMBOLS_PRIVATE_EXTERN = NO;
				GCC_WARN_64_TO_32_BIT_CONVERSION = YES;
				GCC_WARN_ABOUT_RETURN_TYPE = YES;
				GCC_WARN_UNINITIALIZED_AUTOS = YES;
				GCC_WARN_UNUSED_VARIABLE = YES;
				HEADER_SEARCH_PATHS = (
					"$(HEADER_SEARCH_PATHS)",
					"/usr/local/include/**",
				);
				LIBRARY_SEARCH_PATHS = (
					"$(LIBRARY_SEARCH_PATHS)",
					"/usr/local/lib/**",
				);
				MACOSX_DEPLOYMENT_TARGET = 10.8;
				ONLY_ACTIVE_ARCH = YES;
				OTHER_LDFLAGS = (
					"$(OTHER_LDFLAGS)",
					"$(SFML_SYSTEM)",
					"$(SFML_WINDOW)",
					"$(SFML_GRAPHICS)",
					"$(SFML_AUDIO)",
					"$(SFML_NETWORK)",
				);
				PRODUCT_NAME = "$(TARGET_NAME)";
				SDKROOT = macosx;
				SFML_AUDIO = "";
				SFML_BINARY_TYPE = FRAMEWORKS;
				SFML_GRAPHICS = "$(SFML_LINK_PREFIX)sfml-graphics$(SFML_LINK_SUFFIX)";
				SFML_LINK_DYLIBS_PREFIX = "-l";
				SFML_LINK_DYLIBS_SUFFIX = "$(SFML_LINK_DYLIBS_SUFFIX_DEBUG)";
				SFML_LINK_DYLIBS_SUFFIX_DEBUG = "";
				SFML_LINK_FRAMEWORKS_PREFIX = "-framework ";
				SFML_LINK_FRAMEWORKS_SUFFIX = "";
				SFML_LINK_PREFIX = "$(SFML_LINK_$(SFML_BINARY_TYPE)_PREFIX)";
				SFML_LINK_SUFFIX = "$(SFML_LINK_$(SFML_BINARY_TYPE)_SUFFIX)";
				SFML_NETWORK = "";
				SFML_SYSTEM = "$(SFML_LINK_PREFIX)sfml-system$(SFML_LINK_SUFFIX)";
				SFML_WINDOW = "$(SFML_LINK_PREFIX)sfml-window$(SFML_LINK_SUFFIX)";
			};
			name = Debug;
		};
		12C9C6A6164A383E00F1F2D8 /* Release */ = {
			isa = XCBuildConfiguration;
			buildSettings = {
				ALWAYS_SEARCH_USER_PATHS = NO;
				ARCHS = "$(ARCHS_STANDARD_64_BIT)";
				CLANG_CXX_LANGUAGE_STANDARD = "gnu++0x";
				CLANG_CXX_LIBRARY = "libstdc++";
				CLANG_ENABLE_OBJC_ARC = "";
				CLANG_WARN_EMPTY_BODY = YES;
				CLANG_WARN__DUPLICATE_METHOD_MATCH = YES;
				COPY_PHASE_STRIP = YES;
				DEBUG_INFORMATION_FORMAT = "dwarf-with-dsym";
				FRAMEWORK_SEARCH_PATHS = (
					"$(FRAMEWORK_SEARCH_PATHS)",
					"/Library/Frameworks/**",
				);
				GCC_C_LANGUAGE_STANDARD = gnu99;
				GCC_ENABLE_OBJC_EXCEPTIONS = YES;
				GCC_ENABLE_OBJC_GC = unsupported;
				GCC_WARN_64_TO_32_BIT_CONVERSION = YES;
				GCC_WARN_ABOUT_RETURN_TYPE = YES;
				GCC_WARN_UNINITIALIZED_AUTOS = YES;
				GCC_WARN_UNUSED_VARIABLE = YES;
				HEADER_SEARCH_PATHS = (
					"$(HEADER_SEARCH_PATHS)",
					"/usr/local/include/**",
				);
				LIBRARY_SEARCH_PATHS = (
					"$(LIBRARY_SEARCH_PATHS)",
					"/usr/local/lib/**",
				);
				MACOSX_DEPLOYMENT_TARGET = 10.8;
				OTHER_LDFLAGS = (
					"$(OTHER_LDFLAGS)",
					"$(SFML_SYSTEM)",
					"$(SFML_WINDOW)",
					"$(SFML_GRAPHICS)",
					"$(SFML_AUDIO)",
					"$(SFML_NETWORK)",
				);
				PRODUCT_NAME = "$(TARGET_NAME)";
				SDKROOT = macosx;
				SFML_AUDIO = "";
				SFML_BINARY_TYPE = FRAMEWORKS;
				SFML_GRAPHICS = "$(SFML_LINK_PREFIX)sfml-graphics$(SFML_LINK_SUFFIX)";
				SFML_LINK_DYLIBS_PREFIX = "-l";
				SFML_LINK_DYLIBS_SUFFIX = "";
				SFML_LINK_DYLIBS_SUFFIX_DEBUG = "";
				SFML_LINK_FRAMEWORKS_PREFIX = "-framework ";
				SFML_LINK_FRAMEWORKS_SUFFIX = "";
				SFML_LINK_PREFIX = "$(SFML_LINK_$(SFML_BINARY_TYPE)_PREFIX)";
				SFML_LINK_SUFFIX = "$(SFML_LINK_$(SFML_BINARY_TYPE)_SUFFIX)";
				SFML_NETWORK = "";
				SFML_SYSTEM = "$(SFML_LINK_PREFIX)sfml-system$(SFML_LINK_SUFFIX)";
				SFML_WINDOW = "$(SFML_LINK_PREFIX)sfml-window$(SFML_LINK_SUFFIX)";
			};
			name = Release;
		};
		12C9C6A8164A383E00F1F2D8 /* Debug */ = {
			isa = XCBuildConfiguration;
			buildSettings = {
				COPY_PHASE_STRIP = NO;
				GCC_DYNAMIC_NO_PIC = NO;
				GCC_PRECOMPILE_PREFIX_HEADER = NO;
				GCC_PREFIX_HEADER = "";
				INFOPLIST_FILE = "HeroMustSavePrincess/HeroMustSavePrincess-Info.plist";
				PRODUCT_NAME = "$(TARGET_NAME)";
				WRAPPER_EXTENSION = app;
			};
			name = Debug;
		};
		12C9C6A9164A383E00F1F2D8 /* Release */ = {
			isa = XCBuildConfiguration;
			buildSettings = {
				COPY_PHASE_STRIP = YES;
				GCC_PRECOMPILE_PREFIX_HEADER = NO;
				GCC_PREFIX_HEADER = "";
				INFOPLIST_FILE = "HeroMustSavePrincess/HeroMustSavePrincess-Info.plist";
				PRODUCT_NAME = "$(TARGET_NAME)";
				WRAPPER_EXTENSION = app;
			};
			name = Release;
		};
/* End XCBuildConfiguration section */

/* Begin XCConfigurationList section */
		12C9C688164A383E00F1F2D8 /* Build configuration list for PBXProject "HeroMustSavePrincess" */ = {
			isa = XCConfigurationList;
			buildConfigurations = (
				12C9C6A5164A383E00F1F2D8 /* Debug */,
				12C9C6A6164A383E00F1F2D8 /* Release */,
			);
			defaultConfigurationIsVisible = 0;
			defaultConfigurationName = Release;
		};
		12C9C6A7164A383E00F1F2D8 /* Build configuration list for PBXNativeTarget "HeroMustSavePrincess" */ = {
			isa = XCConfigurationList;
			buildConfigurations = (
				12C9C6A8164A383E00F1F2D8 /* Debug */,
				12C9C6A9164A383E00F1F2D8 /* Release */,
			);
			defaultConfigurationIsVisible = 0;
		};
/* End XCConfigurationList section */
	};
	rootObject = 12C9C685164A383E00F1F2D8 /* Project object */;
}
